<?xml version="1.0" encoding="utf-8"?>
<Project ToolsVersion="4.0" xmlns="http://schemas.microsoft.com/developer/msbuild/2003">
  <ItemGroup>
    <Filter Include="Source Files">
      <UniqueIdentifier>{dfa20692-b989-4c60-97ec-5c3cd2818967}</UniqueIdentifier>
    </Filter>
    <Filter Include="Generated Files">
      <UniqueIdentifier>{183fc868-2017-4c79-b1eb-a61ee2a3ccb0}</UniqueIdentifier>
      <SourceControlFiles>False</SourceControlFiles>
    </Filter>
  </ItemGroup>
  <ItemGroup>
    <None Include="fsToolsps.def" />
  </ItemGroup>
  <ItemGroup>
    <ClCompile Include="fsTools_i.c">
      <Filter>Generated Files</Filter>
    </ClCompile>
    <ClCompile Include="fsTools_p.c">
      <Filter>Generated Files</Filter>
    </ClCompile>
    <ClCompile Include="dlldata.c">
      <Filter>Generated Files</Filter>
    </ClCompile>
  </ItemGroup>
</Project>